lockfileVersion: '9.0'

settings:
  autoInstallPeers: false
  excludeLinksFromLockfile: false

importers:

  .:
    dependencies:
      '@deepseek-ai/dsh-home-paths':
        specifier: 0.2.1-alpha.1
        version: 0.2.1-alpha.1

packages:

  '@deepseek-ai/dsh-home-paths@0.2.1-alpha.1':
    resolution: {integrity: sha512-qf3DDHCb4xEqoCETt3xfoOb42SXFRtC2kZEo8trzCY+Ksdfyw1bq2p6Mt1S3BQbaJGrDt5xuV5ituqBJViVoHA==}
    peerDependencies:
      '@deepseek-ai/cordis': ~4.0.5-alpha.1

snapshots:

  '@deepseek-ai/dsh-home-paths@0.2.1-alpha.1': {}
